Microsoft Visual Studio Solution File, Format Version 11.00
# Visual Studio 2010
Project("{FAE04EC0-301F-11D3-BF4B-00C04F79EFBC}") = "AppExt", "AppExt\AppExt.csproj", "{8CFA1328-6D4D-4533-951E-D52F341316C7}"
EndProject
Project("{FAE04EC0-301F-11D3-BF4B-00C04F79EFBC}") = "CRMSSvr", "CRmsSvr\CRMSSvr.csproj", "{5BA37CD4-C206-4C2F-9D0E-18740DEBCD49}"
EndProject
Project("{FAE04EC0-301F-11D3-BF4B-00C04F79EFBC}") = "DecisionApp", "DecisionApp\DecisionApp.csproj", "{D9A53DCF-B8A8-406B-A940-1A4C36DC7DCD}"
EndProject
Project("{FAE04EC0-301F-11D3-BF4B-00C04F79EFBC}") = "DeskApp", "DeskApp\DeskApp.csproj", "{F57C60E5-F0DA-4B9C-B91A-543753AD31F2}"
EndProject
Project("{FAE04EC0-301F-11D3-BF4B-00C04F79EFBC}") = "InitApp", "InitApp\InitApp.csproj", "{35A09DFC-5694-4E9D-A6FB-AEA57032F5FB}"
EndProject
Project("{FAE04EC0-301F-11D3-BF4B-00C04F79EFBC}") = "Kitchen", "Kitchen\Kitchen.csproj", "{44B1E636-D893-480F-82A3-C604B1BB280D}"
EndProject
Project("{FAE04EC0-301F-11D3-BF4B-00C04F79EFBC}") = "RMSServer", "RMSServer\RMSServer.csproj", "{02E5F255-F172-48CF-A353-2F00BD5F36B4}"
EndProject
Project("{FAE04EC0-301F-11D3-BF4B-00C04F79EFBC}") = "StorageApp", "StorageApp\StorageApp.csproj", "{D5DFDF49-3DD9-4CD3-A23F-2594B77162C9}"
EndProject
Project("{FAE04EC0-301F-11D3-BF4B-00C04F79EFBC}") = "SysAdmin", "SysAdmin\SysAdmin.csproj", "{752DB2CC-31F7-4F40-AA77-C07A51E2AB99}"
EndProject
Project("{FAE04EC0-301F-11D3-BF4B-00C04F79EFBC}") = "TouchScreen", "TouchScreen\TouchScreen.csproj", "{06FF76C5-D480-4E6E-B2EA-A993D7B43BB5}"
EndProject
Project("{FAE04EC0-301F-11D3-BF4B-00C04F79EFBC}") = "Tester", "Tester\Tester.csproj", "{A02882A5-5BD1-4DD4-BA34-EF6EB787FA98}"
EndProject
Project("{FAE04EC0-301F-11D3-BF4B-00C04F79EFBC}") = "DevExt", "DevExt\DevExt.csproj", "{60EA864F-08E8-41A4-ABDC-1F804F0F1B9C}"
EndProject
Global
	GlobalSection(SolutionConfigurationPlatforms) = preSolution
		Debug|Any CPU = Debug|Any CPU
		OEM|Any CPU = OEM|Any CPU
		Release|Any CPU = Release|Any CPU
	EndGlobalSection
	GlobalSection(ProjectConfigurationPlatforms) = postSolution
		{8CFA1328-6D4D-4533-951E-D52F341316C7}.Debug|Any CPU.ActiveCfg = Debug|Any CPU
		{8CFA1328-6D4D-4533-951E-D52F341316C7}.Debug|Any CPU.Build.0 = Debug|Any CPU
		{8CFA1328-6D4D-4533-951E-D52F341316C7}.OEM|Any CPU.ActiveCfg = OEM|Any CPU
		{8CFA1328-6D4D-4533-951E-D52F341316C7}.OEM|Any CPU.Build.0 = OEM|Any CPU
		{8CFA1328-6D4D-4533-951E-D52F341316C7}.Release|Any CPU.ActiveCfg = Release|Any CPU
		{8CFA1328-6D4D-4533-951E-D52F341316C7}.Release|Any CPU.Build.0 = Release|Any CPU
		{5BA37CD4-C206-4C2F-9D0E-18740DEBCD49}.Debug|Any CPU.ActiveCfg = Debug|Any CPU
		{5BA37CD4-C206-4C2F-9D0E-18740DEBCD49}.Debug|Any CPU.Build.0 = Debug|Any CPU
		{5BA37CD4-C206-4C2F-9D0E-18740DEBCD49}.OEM|Any CPU.ActiveCfg = OEM|Any CPU
		{5BA37CD4-C206-4C2F-9D0E-18740DEBCD49}.OEM|Any CPU.Build.0 = OEM|Any CPU
		{5BA37CD4-C206-4C2F-9D0E-18740DEBCD49}.Release|Any CPU.ActiveCfg = Release|Any CPU
		{5BA37CD4-C206-4C2F-9D0E-18740DEBCD49}.Release|Any CPU.Build.0 = Release|Any CPU
		{D9A53DCF-B8A8-406B-A940-1A4C36DC7DCD}.Debug|Any CPU.ActiveCfg = Debug|Any CPU
		{D9A53DCF-B8A8-406B-A940-1A4C36DC7DCD}.Debug|Any CPU.Build.0 = Debug|Any CPU
		{D9A53DCF-B8A8-406B-A940-1A4C36DC7DCD}.OEM|Any CPU.ActiveCfg = OEM|Any CPU
		{D9A53DCF-B8A8-406B-A940-1A4C36DC7DCD}.OEM|Any CPU.Build.0 = OEM|Any CPU
		{D9A53DCF-B8A8-406B-A940-1A4C36DC7DCD}.Release|Any CPU.ActiveCfg = Release|Any CPU
		{D9A53DCF-B8A8-406B-A940-1A4C36DC7DCD}.Release|Any CPU.Build.0 = Release|Any CPU
		{F57C60E5-F0DA-4B9C-B91A-543753AD31F2}.Debug|Any CPU.ActiveCfg = Debug|Any CPU
		{F57C60E5-F0DA-4B9C-B91A-543753AD31F2}.Debug|Any CPU.Build.0 = Debug|Any CPU
		{F57C60E5-F0DA-4B9C-B91A-543753AD31F2}.OEM|Any CPU.ActiveCfg = OEM|Any CPU
		{F57C60E5-F0DA-4B9C-B91A-543753AD31F2}.OEM|Any CPU.Build.0 = OEM|Any CPU
		{F57C60E5-F0DA-4B9C-B91A-543753AD31F2}.Release|Any CPU.ActiveCfg = Release|Any CPU
		{F57C60E5-F0DA-4B9C-B91A-543753AD31F2}.Release|Any CPU.Build.0 = Release|Any CPU
		{35A09DFC-5694-4E9D-A6FB-AEA57032F5FB}.Debug|Any CPU.ActiveCfg = Debug|Any CPU
		{35A09DFC-5694-4E9D-A6FB-AEA57032F5FB}.Debug|Any CPU.Build.0 = Debug|Any CPU
		{35A09DFC-5694-4E9D-A6FB-AEA57032F5FB}.OEM|Any CPU.ActiveCfg = OEM|Any CPU
		{35A09DFC-5694-4E9D-A6FB-AEA57032F5FB}.OEM|Any CPU.Build.0 = OEM|Any CPU
		{35A09DFC-5694-4E9D-A6FB-AEA57032F5FB}.Release|Any CPU.ActiveCfg = Release|Any CPU
		{35A09DFC-5694-4E9D-A6FB-AEA57032F5FB}.Release|Any CPU.Build.0 = Release|Any CPU
		{44B1E636-D893-480F-82A3-C604B1BB280D}.Debug|Any CPU.ActiveCfg = Debug|Any CPU
		{44B1E636-D893-480F-82A3-C604B1BB280D}.Debug|Any CPU.Build.0 = Debug|Any CPU
		{44B1E636-D893-480F-82A3-C604B1BB280D}.OEM|Any CPU.ActiveCfg = OEM|Any CPU
		{44B1E636-D893-480F-82A3-C604B1BB280D}.OEM|Any CPU.Build.0 = OEM|Any CPU
		{44B1E636-D893-480F-82A3-C604B1BB280D}.Release|Any CPU.ActiveCfg = Release|Any CPU
		{44B1E636-D893-480F-82A3-C604B1BB280D}.Release|Any CPU.Build.0 = Release|Any CPU
		{02E5F255-F172-48CF-A353-2F00BD5F36B4}.Debug|Any CPU.ActiveCfg = Debug|Any CPU
		{02E5F255-F172-48CF-A353-2F00BD5F36B4}.Debug|Any CPU.Build.0 = Debug|Any CPU
		{02E5F255-F172-48CF-A353-2F00BD5F36B4}.OEM|Any CPU.ActiveCfg = OEM|Any CPU
		{02E5F255-F172-48CF-A353-2F00BD5F36B4}.OEM|Any CPU.Build.0 = OEM|Any CPU
		{02E5F255-F172-48CF-A353-2F00BD5F36B4}.Release|Any CPU.ActiveCfg = Release|Any CPU
		{02E5F255-F172-48CF-A353-2F00BD5F36B4}.Release|Any CPU.Build.0 = Release|Any CPU
		{D5DFDF49-3DD9-4CD3-A23F-2594B77162C9}.Debug|Any CPU.ActiveCfg = Debug|Any CPU
		{D5DFDF49-3DD9-4CD3-A23F-2594B77162C9}.Debug|Any CPU.Build.0 = Debug|Any CPU
		{D5DFDF49-3DD9-4CD3-A23F-2594B77162C9}.OEM|Any CPU.ActiveCfg = OEM|Any CPU
		{D5DFDF49-3DD9-4CD3-A23F-2594B77162C9}.OEM|Any CPU.Build.0 = OEM|Any CPU
		{D5DFDF49-3DD9-4CD3-A23F-2594B77162C9}.Release|Any CPU.ActiveCfg = Release|Any CPU
		{D5DFDF49-3DD9-4CD3-A23F-2594B77162C9}.Release|Any CPU.Build.0 = Release|Any CPU
		{752DB2CC-31F7-4F40-AA77-C07A51E2AB99}.Debug|Any CPU.ActiveCfg = Debug|Any CPU
		{752DB2CC-31F7-4F40-AA77-C07A51E2AB99}.Debug|Any CPU.Build.0 = Debug|Any CPU
		{752DB2CC-31F7-4F40-AA77-C07A51E2AB99}.OEM|Any CPU.ActiveCfg = OEM|Any CPU
		{752DB2CC-31F7-4F40-AA77-C07A51E2AB99}.OEM|Any CPU.Build.0 = OEM|Any CPU
		{752DB2CC-31F7-4F40-AA77-C07A51E2AB99}.Release|Any CPU.ActiveCfg = Release|Any CPU
		{752DB2CC-31F7-4F40-AA77-C07A51E2AB99}.Release|Any CPU.Build.0 = Release|Any CPU
		{06FF76C5-D480-4E6E-B2EA-A993D7B43BB5}.Debug|Any CPU.ActiveCfg = Debug|Any CPU
		{06FF76C5-D480-4E6E-B2EA-A993D7B43BB5}.Debug|Any CPU.Build.0 = Debug|Any CPU
		{06FF76C5-D480-4E6E-B2EA-A993D7B43BB5}.OEM|Any CPU.ActiveCfg = Release|Any CPU
		{06FF76C5-D480-4E6E-B2EA-A993D7B43BB5}.OEM|Any CPU.Build.0 = Release|Any CPU
		{06FF76C5-D480-4E6E-B2EA-A993D7B43BB5}.Release|Any CPU.ActiveCfg = Release|Any CPU
		{06FF76C5-D480-4E6E-B2EA-A993D7B43BB5}.Release|Any CPU.Build.0 = Release|Any CPU
		{A02882A5-5BD1-4DD4-BA34-EF6EB787FA98}.Debug|Any CPU.ActiveCfg = Debug|Any CPU
		{A02882A5-5BD1-4DD4-BA34-EF6EB787FA98}.Debug|Any CPU.Build.0 = Debug|Any CPU
		{A02882A5-5BD1-4DD4-BA34-EF6EB787FA98}.OEM|Any CPU.ActiveCfg = Release|Any CPU
		{A02882A5-5BD1-4DD4-BA34-EF6EB787FA98}.OEM|Any CPU.Build.0 = Release|Any CPU
		{A02882A5-5BD1-4DD4-BA34-EF6EB787FA98}.Release|Any CPU.ActiveCfg = Release|Any CPU
		{A02882A5-5BD1-4DD4-BA34-EF6EB787FA98}.Release|Any CPU.Build.0 = Release|Any CPU
		{60EA864F-08E8-41A4-ABDC-1F804F0F1B9C}.Debug|Any CPU.ActiveCfg = Debug|Any CPU
		{60EA864F-08E8-41A4-ABDC-1F804F0F1B9C}.Debug|Any CPU.Build.0 = Debug|Any CPU
		{60EA864F-08E8-41A4-ABDC-1F804F0F1B9C}.OEM|Any CPU.ActiveCfg = Release|Any CPU
		{60EA864F-08E8-41A4-ABDC-1F804F0F1B9C}.OEM|Any CPU.Build.0 = Release|Any CPU
		{60EA864F-08E8-41A4-ABDC-1F804F0F1B9C}.Release|Any CPU.ActiveCfg = Release|Any CPU
		{60EA864F-08E8-41A4-ABDC-1F804F0F1B9C}.Release|Any CPU.Build.0 = Release|Any CPU
	EndGlobalSection
	GlobalSection(SolutionProperties) = preSolution
		HideSolutionNode = FALSE
	EndGlobalSection
EndGlobal
