
Microsoft Visual Studio Solution File, Format Version 10.00
# Visual Studio 2008
Project("{FAE04EC0-301F-11D3-BF4B-00C04F79EFBC}") = "AppExt", "AppExt.csproj", "{8CFA1328-6D4D-4533-951E-D52F341316C7}"
EndProject
Global
	GlobalSection(SolutionConfigurationPlatforms) = preSolution
		Debug|Any CPU = Debug|Any CPU
		OEM|Any CPU = OEM|Any CPU
		Release|Any CPU = Release|Any CPU
	EndGlobalSection
	GlobalSection(ProjectConfigurationPlatforms) = postSolution
		{8CFA1328-6D4D-4533-951E-D52F341316C7}.Debug|Any CPU.ActiveCfg = Debug|Any CPU
		{8CFA1328-6D4D-4533-951E-D52F341316C7}.Debug|Any CPU.Build.0 = Debug|Any CPU
		{8CFA1328-6D4D-4533-951E-D52F341316C7}.OEM|Any CPU.ActiveCfg = OEM|Any CPU
		{8CFA1328-6D4D-4533-951E-D52F341316C7}.OEM|Any CPU.Build.0 = OEM|Any CPU
		{8CFA1328-6D4D-4533-951E-D52F341316C7}.Release|Any CPU.ActiveCfg = Release|Any CPU
		{8CFA1328-6D4D-4533-951E-D52F341316C7}.Release|Any CPU.Build.0 = Release|Any CPU
	EndGlobalSection
	GlobalSection(SolutionProperties) = preSolution
		HideSolutionNode = FALSE
	EndGlobalSection
EndGlobal
