
Microsoft Visual Studio Solution File, Format Version 10.00
# Visual Studio 2008
Project("{FAE04EC0-301F-11D3-BF4B-00C04F79EFBC}") = "InitApp", "InitApp.csproj", "{35A09DFC-5694-4E9D-A6FB-AEA57032F5FB}"
EndProject
Global
	GlobalSection(SolutionConfigurationPlatforms) = preSolution
		Debug|Any CPU = Debug|Any CPU
		OEM|Any CPU = OEM|Any CPU
		Release|Any CPU = Release|Any CPU
	EndGlobalSection
	GlobalSection(ProjectConfigurationPlatforms) = postSolution
		{35A09DFC-5694-4E9D-A6FB-AEA57032F5FB}.Debug|Any CPU.ActiveCfg = Debug|Any CPU
		{35A09DFC-5694-4E9D-A6FB-AEA57032F5FB}.Debug|Any CPU.Build.0 = Debug|Any CPU
		{35A09DFC-5694-4E9D-A6FB-AEA57032F5FB}.OEM|Any CPU.ActiveCfg = OEM|Any CPU
		{35A09DFC-5694-4E9D-A6FB-AEA57032F5FB}.OEM|Any CPU.Build.0 = OEM|Any CPU
		{35A09DFC-5694-4E9D-A6FB-AEA57032F5FB}.Release|Any CPU.ActiveCfg = Release|Any CPU
		{35A09DFC-5694-4E9D-A6FB-AEA57032F5FB}.Release|Any CPU.Build.0 = Release|Any CPU
	EndGlobalSection
	GlobalSection(SolutionProperties) = preSolution
		HideSolutionNode = FALSE
	EndGlobalSection
EndGlobal
