
Microsoft Visual Studio Solution File, Format Version 10.00
# Visual Studio 2008
Project("{FAE04EC0-301F-11D3-BF4B-00C04F79EFBC}") = "CRMSSvr", "CRMSSvr.csproj", "{5BA37CD4-C206-4C2F-9D0E-18740DEBCD49}"
EndProject
Global
	GlobalSection(SolutionConfigurationPlatforms) = preSolution
		Debug|Any CPU = Debug|Any CPU
		OEM|Any CPU = OEM|Any CPU
		Release|Any CPU = Release|Any CPU
	EndGlobalSection
	GlobalSection(ProjectConfigurationPlatforms) = postSolution
		{5BA37CD4-C206-4C2F-9D0E-18740DEBCD49}.Debug|Any CPU.ActiveCfg = Debug|Any CPU
		{5BA37CD4-C206-4C2F-9D0E-18740DEBCD49}.Debug|Any CPU.Build.0 = Debug|Any CPU
		{5BA37CD4-C206-4C2F-9D0E-18740DEBCD49}.OEM|Any CPU.ActiveCfg = OEM|Any CPU
		{5BA37CD4-C206-4C2F-9D0E-18740DEBCD49}.OEM|Any CPU.Build.0 = OEM|Any CPU
		{5BA37CD4-C206-4C2F-9D0E-18740DEBCD49}.Release|Any CPU.ActiveCfg = Release|Any CPU
		{5BA37CD4-C206-4C2F-9D0E-18740DEBCD49}.Release|Any CPU.Build.0 = Release|Any CPU
	EndGlobalSection
	GlobalSection(SolutionProperties) = preSolution
		HideSolutionNode = FALSE
	EndGlobalSection
EndGlobal
