
Microsoft Visual Studio Solution File, Format Version 10.00
# Visual Studio 2008
Project("{FAE04EC0-301F-11D3-BF4B-00C04F79EFBC}") = "RMSServer", "RMSServer.csproj", "{02E5F255-F172-48CF-A353-2F00BD5F36B4}"
EndProject
Global
	GlobalSection(SolutionConfigurationPlatforms) = preSolution
		Debug|Any CPU = Debug|Any CPU
		OEM|Any CPU = OEM|Any CPU
		Release|Any CPU = Release|Any CPU
	EndGlobalSection
	GlobalSection(ProjectConfigurationPlatforms) = postSolution
		{02E5F255-F172-48CF-A353-2F00BD5F36B4}.Debug|Any CPU.ActiveCfg = Debug|Any CPU
		{02E5F255-F172-48CF-A353-2F00BD5F36B4}.Debug|Any CPU.Build.0 = Debug|Any CPU
		{02E5F255-F172-48CF-A353-2F00BD5F36B4}.OEM|Any CPU.ActiveCfg = OEM|Any CPU
		{02E5F255-F172-48CF-A353-2F00BD5F36B4}.OEM|Any CPU.Build.0 = OEM|Any CPU
		{02E5F255-F172-48CF-A353-2F00BD5F36B4}.Release|Any CPU.ActiveCfg = Release|Any CPU
		{02E5F255-F172-48CF-A353-2F00BD5F36B4}.Release|Any CPU.Build.0 = Release|Any CPU
	EndGlobalSection
	GlobalSection(SolutionProperties) = preSolution
		HideSolutionNode = FALSE
	EndGlobalSection
EndGlobal
